
Microsoft Visual Studio Solution File, Format Version 12.00
# Visual Studio 14
VisualStudioVersion = 14.0.25420.1
MinimumVisualStudioVersion = 10.0.40219.1
Project("{FAE04EC0-301F-11D3-BF4B-00C04F79EFBC}") = "Szerver", "ConsoleApplication1\Szerver.csproj", "{3500F0A5-D301-4F30-A538-AA65C0266053}"
EndProject
Project("{FAE04EC0-301F-11D3-BF4B-00C04F79EFBC}") = "Kliens", "Kliens\Kliens.csproj", "{A5069C37-0676-4334-B6E9-7EDA9B60050F}"
EndProject
Global
	GlobalSection(SolutionConfigurationPlatforms) = preSolution
		Debug|Any CPU = Debug|Any CPU
		Release|Any CPU = Release|Any CPU
	EndGlobalSection
	GlobalSection(ProjectConfigurationPlatforms) = postSolution
		{3500F0A5-D301-4F30-A538-AA65C0266053}.Debug|Any CPU.ActiveCfg = Debug|Any CPU
		{3500F0A5-D301-4F30-A538-AA65C0266053}.Debug|Any CPU.Build.0 = Debug|Any CPU
		{3500F0A5-D301-4F30-A538-AA65C0266053}.Release|Any CPU.ActiveCfg = Release|Any CPU
		{3500F0A5-D301-4F30-A538-AA65C0266053}.Release|Any CPU.Build.0 = Release|Any CPU
		{A5069C37-0676-4334-B6E9-7EDA9B60050F}.Debug|Any CPU.ActiveCfg = Debug|Any CPU
		{A5069C37-0676-4334-B6E9-7EDA9B60050F}.Debug|Any CPU.Build.0 = Debug|Any CPU
		{A5069C37-0676-4334-B6E9-7EDA9B60050F}.Release|Any CPU.ActiveCfg = Release|Any CPU
		{A5069C37-0676-4334-B6E9-7EDA9B60050F}.Release|Any CPU.Build.0 = Release|Any CPU
	EndGlobalSection
	GlobalSection(SolutionProperties) = preSolution
		HideSolutionNode = FALSE
	EndGlobalSection
EndGlobal
